
Microsoft Visual Studio Solution File, Format Version 12.00
# Visual Studio Version 17
VisualStudioVersion = 17.6.33815.320
MinimumVisualStudioVersion = 10.0.40219.1
Project("{FAE04EC0-301F-11D3-BF4B-00C04F79EFBC}") = "Tag_Test_02", "Tag_Test_02\Tag_Test_02.csproj", "{F703BB53-E807-4199-BC3C-B351693B1AA8}"
EndProject
Global
	GlobalSection(SolutionConfigurationPlatforms) = preSolution
		Debug|Any CPU = Debug|Any CPU
		Release|Any CPU = Release|Any CPU
	EndGlobalSection
	GlobalSection(ProjectConfigurationPlatforms) = postSolution
		{F703BB53-E807-4199-BC3C-B351693B1AA8}.Debug|Any CPU.ActiveCfg = Debug|Any CPU
		{F703BB53-E807-4199-BC3C-B351693B1AA8}.Debug|Any CPU.Build.0 = Debug|Any CPU
		{F703BB53-E807-4199-BC3C-B351693B1AA8}.Release|Any CPU.ActiveCfg = Release|Any CPU
		{F703BB53-E807-4199-BC3C-B351693B1AA8}.Release|Any CPU.Build.0 = Release|Any CPU
	EndGlobalSection
	GlobalSection(SolutionProperties) = preSolution
		HideSolutionNode = FALSE
	EndGlobalSection
	GlobalSection(ExtensibilityGlobals) = postSolution
		SolutionGuid = {0B6B3927-44F5-4D31-9C4E-C6E4FAEBC41A}
	EndGlobalSection
EndGlobal
